
Microsoft Visual Studio Solution File, Format Version 12.00
# Visual Studio Version 17
VisualStudioVersion = 17.2.32616.157
MinimumVisualStudioVersion = 10.0.40219.1
Project("{9A19103F-16F7-4668-BE54-9A1E7A4F7556}") = "miniplayer", "miniplayer\miniplayer.csproj", "{4ACD6FB2-36B8-4FCC-913B-26761497B787}"
EndProject
Project("{2150E333-8FDC-42A3-9474-1A3956D46DE8}") = "Solution Items", "Solution Items", "{F033E4EB-5FDD-4240-9062-6E88A06DA47A}"
	ProjectSection(SolutionItems) = preProject
		README.md = README.md
	EndProjectSection
EndProject
Project("{9A19103F-16F7-4668-BE54-9A1E7A4F7556}") = "test", "test\test.csproj", "{930266A7-CAF4-4106-8DDE-336915283795}"
EndProject
Project("{9A19103F-16F7-4668-BE54-9A1E7A4F7556}") = "miniplayer.lib", "miniplayer.lib\miniplayer.lib.csproj", "{BD16A7AB-C30F-4391-8269-EE09AEE8EDE3}"
EndProject
Global
	GlobalSection(SolutionConfigurationPlatforms) = preSolution
		Debug|Any CPU = Debug|Any CPU
		Release|Any CPU = Release|Any CPU
	EndGlobalSection
	GlobalSection(ProjectConfigurationPlatforms) = postSolution
		{4ACD6FB2-36B8-4FCC-913B-26761497B787}.Debug|Any CPU.ActiveCfg = Debug|Any CPU
		{4ACD6FB2-36B8-4FCC-913B-26761497B787}.Debug|Any CPU.Build.0 = Debug|Any CPU
		{4ACD6FB2-36B8-4FCC-913B-26761497B787}.Release|Any CPU.ActiveCfg = Release|Any CPU
		{4ACD6FB2-36B8-4FCC-913B-26761497B787}.Release|Any CPU.Build.0 = Release|Any CPU
		{930266A7-CAF4-4106-8DDE-336915283795}.Debug|Any CPU.ActiveCfg = Debug|Any CPU
		{930266A7-CAF4-4106-8DDE-336915283795}.Debug|Any CPU.Build.0 = Debug|Any CPU
		{930266A7-CAF4-4106-8DDE-336915283795}.Release|Any CPU.ActiveCfg = Release|Any CPU
		{930266A7-CAF4-4106-8DDE-336915283795}.Release|Any CPU.Build.0 = Release|Any CPU
		{BD16A7AB-C30F-4391-8269-EE09AEE8EDE3}.Debug|Any CPU.ActiveCfg = Debug|Any CPU
		{BD16A7AB-C30F-4391-8269-EE09AEE8EDE3}.Debug|Any CPU.Build.0 = Debug|Any CPU
		{BD16A7AB-C30F-4391-8269-EE09AEE8EDE3}.Release|Any CPU.ActiveCfg = Release|Any CPU
		{BD16A7AB-C30F-4391-8269-EE09AEE8EDE3}.Release|Any CPU.Build.0 = Release|Any CPU
	EndGlobalSection
	GlobalSection(SolutionProperties) = preSolution
		HideSolutionNode = FALSE
	EndGlobalSection
	GlobalSection(ExtensibilityGlobals) = postSolution
		SolutionGuid = {B4C517D4-B0C2-46E8-BCA8-C4B3E3C413B1}
	EndGlobalSection
EndGlobal
