
Microsoft Visual Studio Solution File, Format Version 12.00
# Visual Studio Version 17
VisualStudioVersion = 17.2.32616.157
MinimumVisualStudioVersion = 10.0.40219.1
Project("{FAE04EC0-301F-11D3-BF4B-00C04F79EFBC}") = "miniplayer", "miniplayer\miniplayer.csproj", "{4ACD6FB2-36B8-4FCC-913B-26761497B787}"
EndProject
Global
	GlobalSection(SolutionConfigurationPlatforms) = preSolution
		Debug|Any CPU = Debug|Any CPU
		Release|Any CPU = Release|Any CPU
	EndGlobalSection
	GlobalSection(ProjectConfigurationPlatforms) = postSolution
		{4ACD6FB2-36B8-4FCC-913B-26761497B787}.Debug|Any CPU.ActiveCfg = Debug|Any CPU
		{4ACD6FB2-36B8-4FCC-913B-26761497B787}.Debug|Any CPU.Build.0 = Debug|Any CPU
		{4ACD6FB2-36B8-4FCC-913B-26761497B787}.Release|Any CPU.ActiveCfg = Release|Any CPU
		{4ACD6FB2-36B8-4FCC-913B-26761497B787}.Release|Any CPU.Build.0 = Release|Any CPU
	EndGlobalSection
	GlobalSection(SolutionProperties) = preSolution
		HideSolutionNode = FALSE
	EndGlobalSection
	GlobalSection(ExtensibilityGlobals) = postSolution
		SolutionGuid = {B4C517D4-B0C2-46E8-BCA8-C4B3E3C413B1}
	EndGlobalSection
EndGlobal
